
Microsoft Visual Studio Solution File, Format Version 12.00
# Visual Studio Version 17
VisualStudioVersion = 17.13.35931.197
MinimumVisualStudioVersion = 10.0.40219.1
Project("{FAE04EC0-301F-11D3-BF4B-00C04F79EFBC}") = "TranslyatoryLab", "TranslyatoryLab\TranslyatoryLab.csproj", "{DE98D586-2852-4D37-A2D1-4369860A5473}"
EndProject
Project("{FAE04EC0-301F-11D3-BF4B-00C04F79EFBC}") = "TranslyatoryLab2", "TranslyatoryLab2\TranslyatoryLab2.csproj", "{8F2BDD5C-03A9-4453-865D-34A901883063}"
EndProject
Global
	GlobalSection(SolutionConfigurationPlatforms) = preSolution
		Debug|Any CPU = Debug|Any CPU
		Release|Any CPU = Release|Any CPU
	EndGlobalSection
	GlobalSection(ProjectConfigurationPlatforms) = postSolution
		{DE98D586-2852-4D37-A2D1-4369860A5473}.Debug|Any CPU.ActiveCfg = Debug|Any CPU
		{DE98D586-2852-4D37-A2D1-4369860A5473}.Debug|Any CPU.Build.0 = Debug|Any CPU
		{DE98D586-2852-4D37-A2D1-4369860A5473}.Release|Any CPU.ActiveCfg = Release|Any CPU
		{DE98D586-2852-4D37-A2D1-4369860A5473}.Release|Any CPU.Build.0 = Release|Any CPU
		{8F2BDD5C-03A9-4453-865D-34A901883063}.Debug|Any CPU.ActiveCfg = Debug|Any CPU
		{8F2BDD5C-03A9-4453-865D-34A901883063}.Debug|Any CPU.Build.0 = Debug|Any CPU
		{8F2BDD5C-03A9-4453-865D-34A901883063}.Release|Any CPU.ActiveCfg = Release|Any CPU
		{8F2BDD5C-03A9-4453-865D-34A901883063}.Release|Any CPU.Build.0 = Release|Any CPU
	EndGlobalSection
	GlobalSection(SolutionProperties) = preSolution
		HideSolutionNode = FALSE
	EndGlobalSection
	GlobalSection(ExtensibilityGlobals) = postSolution
		SolutionGuid = {5B83C659-217E-4925-9E6C-46299A89CA9D}
	EndGlobalSection
EndGlobal
